{
  "name": "toolkit-runner-expression-tests",
  "lockfileVersion": 3,
  "requires": true,
  "packages": {
    "": {
      "name": "toolkit-runner-expression-tests",
      "dependencies": {
        "@actions/expressions": "0.3.61"
      }
    },
    "node_modules/@actions/expressions": {
      "version": "0.3.61",
      "resolved": "https://registry.npmjs.org/@actions/expressions/-/expressions-0.3.61.tgz",
      "integrity": "sha512-Ig+tXELvTjlqxQAWBQnLNn2dPpNraLMdSnT+vDzDPmJtbNUhIAH/Z9kVT8pZ8UtJi9vUGs8hwHE8JFJmbOnLEA==",
      "license": "MIT",
      "engines": {
        "node": ">= 20"
      }
    }
  }
}
